// !$*UTF8*$!
{
	archiveVersion = 1;
	classes = {
	};
	objectVersion = 56;
	objects = {

/* Begin PBXBuildFile section */
		241195522A96B55800766B8A /* FoodCard.swift in Sources */ = {isa = PBXBuildFile; fileRef = 241195512A96B55800766B8A /* FoodCard.swift */; };
		2421E29C2AB8930B005C88EB /* TempMenuView.swift in Sources */ = {isa = PBXBuildFile; fileRef = 2421E29B2AB8930B005C88EB /* TempMenuView.swift */; };
		2421E29E2AB89567005C88EB /* TempView.swift in Sources */ = {isa = PBXBuildFile; fileRef = 2421E29D2AB89567005C88EB /* TempView.swift */; };
		242CD5132A957A170090A125 /* FoodCategory.swift in Sources */ = {isa = PBXBuildFile; fileRef = 242CD5122A957A170090A125 /* FoodCategory.swift */; };
		2454585E2AB88A9600BBA68B /* WatchOSViewExample Watch App.app in Embed Watch Content */ = {isa = PBXBuildFile; fileRef = 2454585D2AB88A9600BBA68B /* WatchOSViewExample Watch App.app */; settings = {ATTRIBUTES = (RemoveHeadersOnCopy, ); }; };
		245458632AB88A9600BBA68B /* WatchOSViewExampleApp.swift in Sources */ = {isa = PBXBuildFile; fileRef = 245458622AB88A9600BBA68B /* WatchOSViewExampleApp.swift */; };
		245458652AB88A9600BBA68B /* ContentView.swift in Sources */ = {isa = PBXBuildFile; fileRef = 245458642AB88A9600BBA68B /* ContentView.swift */; };
		245458672AB88A9800BBA68B /* Assets.xcassets in Resources */ = {isa = PBXBuildFile; fileRef = 245458662AB88A9800BBA68B /* Assets.xcassets */; };
		2454586A2AB88A9800BBA68B /* Preview Assets.xcassets in Resources */ = {isa = PBXBuildFile; fileRef = 245458692AB88A9800BBA68B /* Preview Assets.xcassets */; };
		248A55242AB7403E00700442 /* ChatUser.swift in Sources */ = {isa = PBXBuildFile; fileRef = 248A55232AB7403E00700442 /* ChatUser.swift */; };
		24DBDA812AB9CCDD00877EBF /* BankView.swift in Sources */ = {isa = PBXBuildFile; fileRef = 24DBDA802AB9CCDD00877EBF /* BankView.swift */; };
		24DF849E2A9A79FF009D6C96 /* SocialView.swift in Sources */ = {isa = PBXBuildFile; fileRef = 24DF849D2A9A79FF009D6C96 /* SocialView.swift */; };
		24EE13192A97BF0C00BEC62C /* MapView.swift in Sources */ = {isa = PBXBuildFile; fileRef = 24EE13182A97BF0C00BEC62C /* MapView.swift */; };
		24FCC8C32A94DF3F00DD6B17 /* Views_exampleApp.swift in Sources */ = {isa = PBXBuildFile; fileRef = 24FCC8C22A94DF3F00DD6B17 /* Views_exampleApp.swift */; };
		24FCC8C52A94DF3F00DD6B17 /* ContentView.swift in Sources */ = {isa = PBXBuildFile; fileRef = 24FCC8C42A94DF3F00DD6B17 /* ContentView.swift */; };
		24FCC8C72A94DF4000DD6B17 /* Assets.xcassets in Resources */ = {isa = PBXBuildFile; fileRef = 24FCC8C62A94DF4000DD6B17 /* Assets.xcassets */; };
		24FCC8CA2A94DF4000DD6B17 /* Preview Assets.xcassets in Resources */ = {isa = PBXBuildFile; fileRef = 24FCC8C92A94DF4000DD6B17 /* Preview Assets.xcassets */; };
		24FCC8D32A94DF9000DD6B17 /* RestaurantView.swift in Sources */ = {isa = PBXBuildFile; fileRef = 24FCC8D22A94DF9000DD6B17 /* RestaurantView.swift */; };
/* End PBXBuildFile section */

/* Begin PBXContainerItemProxy section */
		2454585F2AB88A9600BBA68B /* PBXContainerItemProxy */ = {
			isa = PBXContainerItemProxy;
			containerPortal = 24FCC8B72A94DF3F00DD6B17 /* Project object */;
			proxyType = 1;
			remoteGlobalIDString = 2454585C2AB88A9600BBA68B;
			remoteInfo = "WatchOSViewExample Watch App";
		};
/* End PBXContainerItemProxy section */

/* Begin PBXCopyFilesBuildPhase section */
		2454586E2AB88A9800BBA68B /* Embed Watch Content */ = {
			isa = PBXCopyFilesBuildPhase;
			buildActionMask = 2147483647;
			dstPath = "$(CONTENTS_FOLDER_PATH)/Watch";
			dstSubfolderSpec = 16;
			files = (
				2454585E2AB88A9600BBA68B /* WatchOSViewExample Watch App.app in Embed Watch Content */,
			);
			name = "Embed Watch Content";
			runOnlyForDeploymentPostprocessing = 0;
		};
/* End PBXCopyFilesBuildPhase section */

/* Begin PBXFileReference section */
		241195512A96B55800766B8A /* FoodCard.swift */ = {isa = PBXFileReference; lastKnownFileType = sourcecode.swift; path = FoodCard.swift; sourceTree = "<group>"; };
		2421E29B2AB8930B005C88EB /* TempMenuView.swift */ = {isa = PBXFileReference; lastKnownFileType = sourcecode.swift; path = TempMenuView.swift; sourceTree = "<group>"; };
		2421E29D2AB89567005C88EB /* TempView.swift */ = {isa = PBXFileReference; lastKnownFileType = sourcecode.swift; path = TempView.swift; sourceTree = "<group>"; };
		242CD5122A957A170090A125 /* FoodCategory.swift */ = {isa = PBXFileReference; lastKnownFileType = sourcecode.swift; path = FoodCategory.swift; sourceTree = "<group>"; };
		245458582AB88A9600BBA68B /* WatchOSViewExample.app */ = {isa = PBXFileReference; explicitFileType = wrapper.application; includeInIndex = 0; path = WatchOSViewExample.app; sourceTree = BUILT_PRODUCTS_DIR; };
		2454585D2AB88A9600BBA68B /* WatchOSViewExample Watch App.app */ = {isa = PBXFileReference; explicitFileType = wrapper.application; includeInIndex = 0; path = "WatchOSViewExample Watch App.app"; sourceTree = BUILT_PRODUCTS_DIR; };
		245458622AB88A9600BBA68B /* WatchOSViewExampleApp.swift */ = {isa = PBXFileReference; lastKnownFileType = sourcecode.swift; path = WatchOSViewExampleApp.swift; sourceTree = "<group>"; };
		245458642AB88A9600BBA68B /* ContentView.swift */ = {isa = PBXFileReference; lastKnownFileType = sourcecode.swift; path = ContentView.swift; sourceTree = "<group>"; };
		245458662AB88A9800BBA68B /* Assets.xcassets */ = {isa = PBXFileReference; lastKnownFileType = folder.assetcatalog; path = Assets.xcassets; sourceTree = "<group>"; };
		245458692AB88A9800BBA68B /* Preview Assets.xcassets */ = {isa = PBXFileReference; lastKnownFileType = folder.assetcatalog; path = "Preview Assets.xcassets"; sourceTree = "<group>"; };
		248A55232AB7403E00700442 /* ChatUser.swift */ = {isa = PBXFileReference; lastKnownFileType = sourcecode.swift; path = ChatUser.swift; sourceTree = "<group>"; };
		24DBDA802AB9CCDD00877EBF /* BankView.swift */ = {isa = PBXFileReference; lastKnownFileType = sourcecode.swift; path = BankView.swift; sourceTree = "<group>"; };
		24DF849D2A9A79FF009D6C96 /* SocialView.swift */ = {isa = PBXFileReference; lastKnownFileType = sourcecode.swift; path = SocialView.swift; sourceTree = "<group>"; };
		24EE13182A97BF0C00BEC62C /* MapView.swift */ = {isa = PBXFileReference; lastKnownFileType = sourcecode.swift; path = MapView.swift; sourceTree = "<group>"; };
		24FCC8BF2A94DF3F00DD6B17 /* Views-example.app */ = {isa = PBXFileReference; explicitFileType = wrapper.application; includeInIndex = 0; path = "Views-example.app"; sourceTree = BUILT_PRODUCTS_DIR; };
		24FCC8C22A94DF3F00DD6B17 /* Views_exampleApp.swift */ = {isa = PBXFileReference; lastKnownFileType = sourcecode.swift; path = Views_exampleApp.swift; sourceTree = "<group>"; };
		24FCC8C42A94DF3F00DD6B17 /* ContentView.swift */ = {isa = PBXFileReference; lastKnownFileType = sourcecode.swift; path = ContentView.swift; sourceTree = "<group>"; };
		24FCC8C62A94DF4000DD6B17 /* Assets.xcassets */ = {isa = PBXFileReference; lastKnownFileType = folder.assetcatalog; path = Assets.xcassets; sourceTree = "<group>"; };
		24FCC8C92A94DF4000DD6B17 /* Preview Assets.xcassets */ = {isa = PBXFileReference; lastKnownFileType = folder.assetcatalog; path = "Preview Assets.xcassets"; sourceTree = "<group>"; };
		24FCC8D22A94DF9000DD6B17 /* RestaurantView.swift */ = {isa = PBXFileReference; lastKnownFileType = sourcecode.swift; path = RestaurantView.swift; sourceTree = "<group>"; };
/* End PBXFileReference section */

/* Begin PBXFrameworksBuildPhase section */
		2454585A2AB88A9600BBA68B /* Frameworks */ = {
			isa = PBXFrameworksBuildPhase;
			buildActionMask = 2147483647;
			files = (
			);
			runOnlyForDeploymentPostprocessing = 0;
		};
		24FCC8BC2A94DF3F00DD6B17 /* Frameworks */ = {
			isa = PBXFrameworksBuildPhase;
			buildActionMask = 2147483647;
			files = (
			);
			runOnlyForDeploymentPostprocessing = 0;
		};
/* End PBXFrameworksBuildPhase section */

/* Begin PBXGroup section */
		2421E29A2AB892FC005C88EB /* temp */ = {
			isa = PBXGroup;
			children = (
				2421E29B2AB8930B005C88EB /* TempMenuView.swift */,
				2421E29D2AB89567005C88EB /* TempView.swift */,
			);
			path = temp;
			sourceTree = "<group>";
		};
		242CD5112A9579F80090A125 /* components */ = {
			isa = PBXGroup;
			children = (
				242CD5122A957A170090A125 /* FoodCategory.swift */,
				241195512A96B55800766B8A /* FoodCard.swift */,
			);
			path = components;
			sourceTree = "<group>";
		};
		245458612AB88A9600BBA68B /* WatchOSViewExample Watch App */ = {
			isa = PBXGroup;
			children = (
				245458722AB88C0200BBA68B /* views */,
				245458622AB88A9600BBA68B /* WatchOSViewExampleApp.swift */,
				245458642AB88A9600BBA68B /* ContentView.swift */,
				245458662AB88A9800BBA68B /* Assets.xcassets */,
				245458682AB88A9800BBA68B /* Preview Content */,
			);
			path = "WatchOSViewExample Watch App";
			sourceTree = "<group>";
		};
		245458682AB88A9800BBA68B /* Preview Content */ = {
			isa = PBXGroup;
			children = (
				245458692AB88A9800BBA68B /* Preview Assets.xcassets */,
			);
			path = "Preview Content";
			sourceTree = "<group>";
		};
		245458722AB88C0200BBA68B /* views */ = {
			isa = PBXGroup;
			children = (
				2421E29A2AB892FC005C88EB /* temp */,
			);
			path = views;
			sourceTree = "<group>";
		};
		248A55222AB7402A00700442 /* components */ = {
			isa = PBXGroup;
			children = (
				248A55232AB7403E00700442 /* ChatUser.swift */,
			);
			path = components;
			sourceTree = "<group>";
		};
		24DBDA7F2AB9CCBE00877EBF /* bank */ = {
			isa = PBXGroup;
			children = (
				24DBDA802AB9CCDD00877EBF /* BankView.swift */,
			);
			path = bank;
			sourceTree = "<group>";
		};
		24DF849C2A9A79E2009D6C96 /* social */ = {
			isa = PBXGroup;
			children = (
				248A55222AB7402A00700442 /* components */,
				24DF849D2A9A79FF009D6C96 /* SocialView.swift */,
			);
			path = social;
			sourceTree = "<group>";
		};
		24EE13172A97BEF900BEC62C /* map */ = {
			isa = PBXGroup;
			children = (
				24EE13182A97BF0C00BEC62C /* MapView.swift */,
			);
			path = map;
			sourceTree = "<group>";
		};
		24FCC8B62A94DF3F00DD6B17 = {
			isa = PBXGroup;
			children = (
				24FCC8C12A94DF3F00DD6B17 /* Views-example */,
				245458612AB88A9600BBA68B /* WatchOSViewExample Watch App */,
				24FCC8C02A94DF3F00DD6B17 /* Products */,
			);
			sourceTree = "<group>";
		};
		24FCC8C02A94DF3F00DD6B17 /* Products */ = {
			isa = PBXGroup;
			children = (
				24FCC8BF2A94DF3F00DD6B17 /* Views-example.app */,
				245458582AB88A9600BBA68B /* WatchOSViewExample.app */,
				2454585D2AB88A9600BBA68B /* WatchOSViewExample Watch App.app */,
			);
			name = Products;
			sourceTree = "<group>";
		};
		24FCC8C12A94DF3F00DD6B17 /* Views-example */ = {
			isa = PBXGroup;
			children = (
				24FCC8D02A94DF4D00DD6B17 /* views */,
				24FCC8C22A94DF3F00DD6B17 /* Views_exampleApp.swift */,
				24FCC8C42A94DF3F00DD6B17 /* ContentView.swift */,
				24FCC8C62A94DF4000DD6B17 /* Assets.xcassets */,
				24FCC8C82A94DF4000DD6B17 /* Preview Content */,
			);
			path = "Views-example";
			sourceTree = "<group>";
		};
		24FCC8C82A94DF4000DD6B17 /* Preview Content */ = {
			isa = PBXGroup;
			children = (
				24FCC8C92A94DF4000DD6B17 /* Preview Assets.xcassets */,
			);
			path = "Preview Content";
			sourceTree = "<group>";
		};
		24FCC8D02A94DF4D00DD6B17 /* views */ = {
			isa = PBXGroup;
			children = (
				24DBDA7F2AB9CCBE00877EBF /* bank */,
				24DF849C2A9A79E2009D6C96 /* social */,
				24EE13172A97BEF900BEC62C /* map */,
				24FCC8D12A94DF5D00DD6B17 /* restaurant */,
			);
			path = views;
			sourceTree = "<group>";
		};
		24FCC8D12A94DF5D00DD6B17 /* restaurant */ = {
			isa = PBXGroup;
			children = (
				242CD5112A9579F80090A125 /* components */,
				24FCC8D22A94DF9000DD6B17 /* RestaurantView.swift */,
			);
			path = restaurant;
			sourceTree = "<group>";
		};
/* End PBXGroup section */

/* Begin PBXNativeTarget section */
		245458572AB88A9600BBA68B /* WatchOSViewExample */ = {
			isa = PBXNativeTarget;
			buildConfigurationList = 2454586F2AB88A9800BBA68B /* Build configuration list for PBXNativeTarget "WatchOSViewExample" */;
			buildPhases = (
				245458562AB88A9600BBA68B /* Resources */,
				2454586E2AB88A9800BBA68B /* Embed Watch Content */,
			);
			buildRules = (
			);
			dependencies = (
				245458602AB88A9600BBA68B /* PBXTargetDependency */,
			);
			name = WatchOSViewExample;
			productName = WatchOSViewExample;
			productReference = 245458582AB88A9600BBA68B /* WatchOSViewExample.app */;
			productType = "com.apple.product-type.application.watchapp2-container";
		};
		2454585C2AB88A9600BBA68B /* WatchOSViewExample Watch App */ = {
			isa = PBXNativeTarget;
			buildConfigurationList = 2454586B2AB88A9800BBA68B /* Build configuration list for PBXNativeTarget "WatchOSViewExample Watch App" */;
			buildPhases = (
				245458592AB88A9600BBA68B /* Sources */,
				2454585A2AB88A9600BBA68B /* Frameworks */,
				2454585B2AB88A9600BBA68B /* Resources */,
			);
			buildRules = (
			);
			dependencies = (
			);
			name = "WatchOSViewExample Watch App";
			productName = "WatchOSViewExample Watch App";
			productReference = 2454585D2AB88A9600BBA68B /* WatchOSViewExample Watch App.app */;
			productType = "com.apple.product-type.application";
		};
		24FCC8BE2A94DF3F00DD6B17 /* Views-example */ = {
			isa = PBXNativeTarget;
			buildConfigurationList = 24FCC8CD2A94DF4000DD6B17 /* Build configuration list for PBXNativeTarget "Views-example" */;
			buildPhases = (
				24FCC8BB2A94DF3F00DD6B17 /* Sources */,
				24FCC8BC2A94DF3F00DD6B17 /* Frameworks */,
				24FCC8BD2A94DF3F00DD6B17 /* Resources */,
			);
			buildRules = (
			);
			dependencies = (
			);
			name = "Views-example";
			productName = "Views-example";
			productReference = 24FCC8BF2A94DF3F00DD6B17 /* Views-example.app */;
			productType = "com.apple.product-type.application";
		};
/* End PBXNativeTarget section */

/* Begin PBXProject section */
		24FCC8B72A94DF3F00DD6B17 /* Project object */ = {
			isa = PBXProject;
			attributes = {
				BuildIndependentTargetsInParallel = 1;
				LastSwiftUpdateCheck = 1430;
				LastUpgradeCheck = 1430;
				TargetAttributes = {
					245458572AB88A9600BBA68B = {
						CreatedOnToolsVersion = 14.3.1;
					};
					2454585C2AB88A9600BBA68B = {
						CreatedOnToolsVersion = 14.3.1;
					};
					24FCC8BE2A94DF3F00DD6B17 = {
						CreatedOnToolsVersion = 14.3.1;
					};
				};
			};
			buildConfigurationList = 24FCC8BA2A94DF3F00DD6B17 /* Build configuration list for PBXProject "Views-example" */;
			compatibilityVersion = "Xcode 14.0";
			developmentRegion = en;
			hasScannedForEncodings = 0;
			knownRegions = (
				en,
				Base,
			);
			mainGroup = 24FCC8B62A94DF3F00DD6B17;
			productRefGroup = 24FCC8C02A94DF3F00DD6B17 /* Products */;
			projectDirPath = "";
			projectRoot = "";
			targets = (
				24FCC8BE2A94DF3F00DD6B17 /* Views-example */,
				245458572AB88A9600BBA68B /* WatchOSViewExample */,
				2454585C2AB88A9600BBA68B /* WatchOSViewExample Watch App */,
			);
		};
/* End PBXProject section */

/* Begin PBXResourcesBuildPhase section */
		245458562AB88A9600BBA68B /* Resources */ = {
			isa = PBXResourcesBuildPhase;
			buildActionMask = 2147483647;
			files = (
			);
			runOnlyForDeploymentPostprocessing = 0;
		};
		2454585B2AB88A9600BBA68B /* Resources */ = {
			isa = PBXResourcesBuildPhase;
			buildActionMask = 2147483647;
			files = (
				2454586A2AB88A9800BBA68B /* Preview Assets.xcassets in Resources */,
				245458672AB88A9800BBA68B /* Assets.xcassets in Resources */,
			);
			runOnlyForDeploymentPostprocessing = 0;
		};
		24FCC8BD2A94DF3F00DD6B17 /* Resources */ = {
			isa = PBXResourcesBuildPhase;
			buildActionMask = 2147483647;
			files = (
				24FCC8CA2A94DF4000DD6B17 /* Preview Assets.xcassets in Resources */,
				24FCC8C72A94DF4000DD6B17 /* Assets.xcassets in Resources */,
			);
			runOnlyForDeploymentPostprocessing = 0;
		};
/* End PBXResourcesBuildPhase section */

/* Begin PBXSourcesBuildPhase section */
		245458592AB88A9600BBA68B /* Sources */ = {
			isa = PBXSourcesBuildPhase;
			buildActionMask = 2147483647;
			files = (
				2421E29C2AB8930B005C88EB /* TempMenuView.swift in Sources */,
				245458652AB88A9600BBA68B /* ContentView.swift in Sources */,
				2421E29E2AB89567005C88EB /* TempView.swift in Sources */,
				245458632AB88A9600BBA68B /* WatchOSViewExampleApp.swift in Sources */,
			);
			runOnlyForDeploymentPostprocessing = 0;
		};
		24FCC8BB2A94DF3F00DD6B17 /* Sources */ = {
			isa = PBXSourcesBuildPhase;
			buildActionMask = 2147483647;
			files = (
				248A55242AB7403E00700442 /* ChatUser.swift in Sources */,
				24FCC8C52A94DF3F00DD6B17 /* ContentView.swift in Sources */,
				24EE13192A97BF0C00BEC62C /* MapView.swift in Sources */,
				24FCC8C32A94DF3F00DD6B17 /* Views_exampleApp.swift in Sources */,
				241195522A96B55800766B8A /* FoodCard.swift in Sources */,
				24FCC8D32A94DF9000DD6B17 /* RestaurantView.swift in Sources */,
				24DBDA812AB9CCDD00877EBF /* BankView.swift in Sources */,
				242CD5132A957A170090A125 /* FoodCategory.swift in Sources */,
				24DF849E2A9A79FF009D6C96 /* SocialView.swift in Sources */,
			);
			runOnlyForDeploymentPostprocessing = 0;
		};
/* End PBXSourcesBuildPhase section */

/* Begin PBXTargetDependency section */
		245458602AB88A9600BBA68B /* PBXTargetDependency */ = {
			isa = PBXTargetDependency;
			target = 2454585C2AB88A9600BBA68B /* WatchOSViewExample Watch App */;
			targetProxy = 2454585F2AB88A9600BBA68B /* PBXContainerItemProxy */;
		};
/* End PBXTargetDependency section */

/* Begin XCBuildConfiguration section */
		2454586C2AB88A9800BBA68B /* Debug */ = {
			isa = XCBuildConfiguration;
			buildSettings = {
				ASSETCATALOG_COMPILER_APPICON_NAME = AppIcon;
				ASSETCATALOG_COMPILER_GLOBAL_ACCENT_COLOR_NAME = AccentColor;
				CODE_SIGN_STYLE = Automatic;
				CURRENT_PROJECT_VERSION = 1;
				DEVELOPMENT_ASSET_PATHS = "\"WatchOSViewExample Watch App/Preview Content\"";
				DEVELOPMENT_TEAM = QNW59SGYAU;
				ENABLE_PREVIEWS = YES;
				GENERATE_INFOPLIST_FILE = YES;
				INFOPLIST_KEY_CFBundleDisplayName = WatchOSViewExample;
				INFOPLIST_KEY_UISupportedInterfaceOrientations = "UIInterfaceOrientationPortrait UIInterfaceOrientationPortraitUpsideDown";
				INFOPLIST_KEY_WKWatchOnly = YES;
				LD_RUNPATH_SEARCH_PATHS = (
					"$(inherited)",
					"@executable_path/Frameworks",
				);
				MARKETING_VERSION = 1.0;
				PRODUCT_BUNDLE_IDENTIFIER = com.andre.WatchOSViewExample.watchkitapp;
				PRODUCT_NAME = "$(TARGET_NAME)";
				SDKROOT = watchos;
				SKIP_INSTALL = YES;
				SWIFT_EMIT_LOC_STRINGS = YES;
				SWIFT_VERSION = 5.0;
				TARGETED_DEVICE_FAMILY = 4;
				WATCHOS_DEPLOYMENT_TARGET = 7.0;
			};
			name = Debug;
		};
		2454586D2AB88A9800BBA68B /* Release */ = {
			isa = XCBuildConfiguration;
			buildSettings = {
				ASSETCATALOG_COMPILER_APPICON_NAME = AppIcon;
				ASSETCATALOG_COMPILER_GLOBAL_ACCENT_COLOR_NAME = AccentColor;
				CODE_SIGN_STYLE = Automatic;
				CURRENT_PROJECT_VERSION = 1;
				DEVELOPMENT_ASSET_PATHS = "\"WatchOSViewExample Watch App/Preview Content\"";
				DEVELOPMENT_TEAM = QNW59SGYAU;
				ENABLE_PREVIEWS = YES;
				GENERATE_INFOPLIST_FILE = YES;
				INFOPLIST_KEY_CFBundleDisplayName = WatchOSViewExample;
				INFOPLIST_KEY_UISupportedInterfaceOrientations = "UIInterfaceOrientationPortrait UIInterfaceOrientationPortraitUpsideDown";
				INFOPLIST_KEY_WKWatchOnly = YES;
				LD_RUNPATH_SEARCH_PATHS = (
					"$(inherited)",
					"@executable_path/Frameworks",
				);
				MARKETING_VERSION = 1.0;
				PRODUCT_BUNDLE_IDENTIFIER = com.andre.WatchOSViewExample.watchkitapp;
				PRODUCT_NAME = "$(TARGET_NAME)";
				SDKROOT = watchos;
				SKIP_INSTALL = YES;
				SWIFT_EMIT_LOC_STRINGS = YES;
				SWIFT_VERSION = 5.0;
				TARGETED_DEVICE_FAMILY = 4;
				WATCHOS_DEPLOYMENT_TARGET = 7.0;
			};
			name = Release;
		};
		245458702AB88A9800BBA68B /* Debug */ = {
			isa = XCBuildConfiguration;
			buildSettings = {
				ALWAYS_EMBED_SWIFT_STANDARD_LIBRARIES = YES;
				CODE_SIGN_STYLE = Automatic;
				CURRENT_PROJECT_VERSION = 1;
				DEVELOPMENT_TEAM = QNW59SGYAU;
				INFOPLIST_KEY_CFBundleDisplayName = WatchOSViewExample;
				MARKETING_VERSION = 1.0;
				PRODUCT_BUNDLE_IDENTIFIER = com.andre.WatchOSViewExample;
				PRODUCT_NAME = "$(TARGET_NAME)";
				SWIFT_VERSION = 5.0;
			};
			name = Debug;
		};
		245458712AB88A9800BBA68B /* Release */ = {
			isa = XCBuildConfiguration;
			buildSettings = {
				ALWAYS_EMBED_SWIFT_STANDARD_LIBRARIES = YES;
				CODE_SIGN_STYLE = Automatic;
				CURRENT_PROJECT_VERSION = 1;
				DEVELOPMENT_TEAM = QNW59SGYAU;
				INFOPLIST_KEY_CFBundleDisplayName = WatchOSViewExample;
				MARKETING_VERSION = 1.0;
				PRODUCT_BUNDLE_IDENTIFIER = com.andre.WatchOSViewExample;
				PRODUCT_NAME = "$(TARGET_NAME)";
				SWIFT_VERSION = 5.0;
			};
			name = Release;
		};
		24FCC8CB2A94DF4000DD6B17 /* Debug */ = {
			isa = XCBuildConfiguration;
			buildSettings = {
				ALWAYS_SEARCH_USER_PATHS = NO;
				CLANG_ANALYZER_NONNULL = YES;
				CLANG_ANALYZER_NUMBER_OBJECT_CONVERSION = YES_AGGRESSIVE;
				CLANG_CXX_LANGUAGE_STANDARD = "gnu++20";
				CLANG_ENABLE_MODULES = YES;
				CLANG_ENABLE_OBJC_ARC = YES;
				CLANG_ENABLE_OBJC_WEAK = YES;
				CLANG_WARN_BLOCK_CAPTURE_AUTORELEASING = YES;
				CLANG_WARN_BOOL_CONVERSION = YES;
				CLANG_WARN_COMMA = YES;
				CLANG_WARN_CONSTANT_CONVERSION = YES;
				CLANG_WARN_DEPRECATED_OBJC_IMPLEMENTATIONS = YES;
				CLANG_WARN_DIRECT_OBJC_ISA_USAGE = YES_ERROR;
				CLANG_WARN_DOCUMENTATION_COMMENTS = YES;
				CLANG_WARN_EMPTY_BODY = YES;
				CLANG_WARN_ENUM_CONVERSION = YES;
				CLANG_WARN_INFINITE_RECURSION = YES;
				CLANG_WARN_INT_CONVERSION = YES;
				CLANG_WARN_NON_LITERAL_NULL_CONVERSION = YES;
				CLANG_WARN_OBJC_IMPLICIT_RETAIN_SELF = YES;
				CLANG_WARN_OBJC_LITERAL_CONVERSION = YES;
				CLANG_WARN_OBJC_ROOT_CLASS = YES_ERROR;
				CLANG_WARN_QUOTED_INCLUDE_IN_FRAMEWORK_HEADER = YES;
				CLANG_WARN_RANGE_LOOP_ANALYSIS = YES;
				CLANG_WARN_STRICT_PROTOTYPES = YES;
				CLANG_WARN_SUSPICIOUS_MOVE = YES;
				CLANG_WARN_UNGUARDED_AVAILABILITY = YES_AGGRESSIVE;
				CLANG_WARN_UNREACHABLE_CODE = YES;
				CLANG_WARN__DUPLICATE_METHOD_MATCH = YES;
				COPY_PHASE_STRIP = NO;
				DEBUG_INFORMATION_FORMAT = dwarf;
				ENABLE_STRICT_OBJC_MSGSEND = YES;
				ENABLE_TESTABILITY = YES;
				GCC_C_LANGUAGE_STANDARD = gnu11;
				GCC_DYNAMIC_NO_PIC = NO;
				GCC_NO_COMMON_BLOCKS = YES;
				GCC_OPTIMIZATION_LEVEL = 0;
				GCC_PREPROCESSOR_DEFINITIONS = (
					"DEBUG=1",
					"$(inherited)",
				);
				GCC_WARN_64_TO_32_BIT_CONVERSION = YES;
				GCC_WARN_ABOUT_RETURN_TYPE = YES_ERROR;
				GCC_WARN_UNDECLARED_SELECTOR = YES;
				GCC_WARN_UNINITIALIZED_AUTOS = YES_AGGRESSIVE;
				GCC_WARN_UNUSED_FUNCTION = YES;
				GCC_WARN_UNUSED_VARIABLE = YES;
				IPHONEOS_DEPLOYMENT_TARGET = 14.0;
				MTL_ENABLE_DEBUG_INFO = INCLUDE_SOURCE;
				MTL_FAST_MATH = YES;
				ONLY_ACTIVE_ARCH = YES;
				SDKROOT = iphoneos;
				SWIFT_ACTIVE_COMPILATION_CONDITIONS = DEBUG;
				SWIFT_OPTIMIZATION_LEVEL = "-Onone";
			};
			name = Debug;
		};
		24FCC8CC2A94DF4000DD6B17 /* Release */ = {
			isa = XCBuildConfiguration;
			buildSettings = {
				ALWAYS_SEARCH_USER_PATHS = NO;
				CLANG_ANALYZER_NONNULL = YES;
				CLANG_ANALYZER_NUMBER_OBJECT_CONVERSION = YES_AGGRESSIVE;
				CLANG_CXX_LANGUAGE_STANDARD = "gnu++20";
				CLANG_ENABLE_MODULES = YES;
				CLANG_ENABLE_OBJC_ARC = YES;
				CLANG_ENABLE_OBJC_WEAK = YES;
				CLANG_WARN_BLOCK_CAPTURE_AUTORELEASING = YES;
				CLANG_WARN_BOOL_CONVERSION = YES;
				CLANG_WARN_COMMA = YES;
				CLANG_WARN_CONSTANT_CONVERSION = YES;
				CLANG_WARN_DEPRECATED_OBJC_IMPLEMENTATIONS = YES;
				CLANG_WARN_DIRECT_OBJC_ISA_USAGE = YES_ERROR;
				CLANG_WARN_DOCUMENTATION_COMMENTS = YES;
				CLANG_WARN_EMPTY_BODY = YES;
				CLANG_WARN_ENUM_CONVERSION = YES;
				CLANG_WARN_INFINITE_RECURSION = YES;
				CLANG_WARN_INT_CONVERSION = YES;
				CLANG_WARN_NON_LITERAL_NULL_CONVERSION = YES;
				CLANG_WARN_OBJC_IMPLICIT_RETAIN_SELF = YES;
				CLANG_WARN_OBJC_LITERAL_CONVERSION = YES;
				CLANG_WARN_OBJC_ROOT_CLASS = YES_ERROR;
				CLANG_WARN_QUOTED_INCLUDE_IN_FRAMEWORK_HEADER = YES;
				CLANG_WARN_RANGE_LOOP_ANALYSIS = YES;
				CLANG_WARN_STRICT_PROTOTYPES = YES;
				CLANG_WARN_SUSPICIOUS_MOVE = YES;
				CLANG_WARN_UNGUARDED_AVAILABILITY = YES_AGGRESSIVE;
				CLANG_WARN_UNREACHABLE_CODE = YES;
				CLANG_WARN__DUPLICATE_METHOD_MATCH = YES;
				COPY_PHASE_STRIP = NO;
				DEBUG_INFORMATION_FORMAT = "dwarf-with-dsym";
				ENABLE_NS_ASSERTIONS = NO;
				ENABLE_STRICT_OBJC_MSGSEND = YES;
				GCC_C_LANGUAGE_STANDARD = gnu11;
				GCC_NO_COMMON_BLOCKS = YES;
				GCC_WARN_64_TO_32_BIT_CONVERSION = YES;
				GCC_WARN_ABOUT_RETURN_TYPE = YES_ERROR;
				GCC_WARN_UNDECLARED_SELECTOR = YES;
				GCC_WARN_UNINITIALIZED_AUTOS = YES_AGGRESSIVE;
				GCC_WARN_UNUSED_FUNCTION = YES;
				GCC_WARN_UNUSED_VARIABLE = YES;
				IPHONEOS_DEPLOYMENT_TARGET = 14.0;
				MTL_ENABLE_DEBUG_INFO = NO;
				MTL_FAST_MATH = YES;
				SDKROOT = iphoneos;
				SWIFT_COMPILATION_MODE = wholemodule;
				SWIFT_OPTIMIZATION_LEVEL = "-O";
				VALIDATE_PRODUCT = YES;
			};
			name = Release;
		};
		24FCC8CE2A94DF4000DD6B17 /* Debug */ = {
			isa = XCBuildConfiguration;
			buildSettings = {
				ASSETCATALOG_COMPILER_APPICON_NAME = AppIcon;
				ASSETCATALOG_COMPILER_GLOBAL_ACCENT_COLOR_NAME = AccentColor;
				CODE_SIGN_STYLE = Automatic;
				CURRENT_PROJECT_VERSION = 1;
				DEVELOPMENT_ASSET_PATHS = "\"Views-example/Preview Content\"";
				DEVELOPMENT_TEAM = QNW59SGYAU;
				ENABLE_PREVIEWS = YES;
				GENERATE_INFOPLIST_FILE = YES;
				INFOPLIST_KEY_UIApplicationSceneManifest_Generation = YES;
				INFOPLIST_KEY_UIApplicationSupportsIndirectInputEvents = YES;
				INFOPLIST_KEY_UILaunchScreen_Generation = YES;
				INFOPLIST_KEY_UISupportedInterfaceOrientations_iPad = "UIInterfaceOrientationPortrait UIInterfaceOrientationPortraitUpsideDown UIInterfaceOrientationLandscapeLeft UIInterfaceOrientationLandscapeRight";
				INFOPLIST_KEY_UISupportedInterfaceOrientations_iPhone = "UIInterfaceOrientationPortrait UIInterfaceOrientationLandscapeLeft UIInterfaceOrientationLandscapeRight";
				LD_RUNPATH_SEARCH_PATHS = (
					"$(inherited)",
					"@executable_path/Frameworks",
				);
				MARKETING_VERSION = 1.0;
				PRODUCT_BUNDLE_IDENTIFIER = "com.andre.Views-example";
				PRODUCT_NAME = "$(TARGET_NAME)";
				SWIFT_EMIT_LOC_STRINGS = YES;
				SWIFT_VERSION = 5.0;
				TARGETED_DEVICE_FAMILY = "1,2";
			};
			name = Debug;
		};
		24FCC8CF2A94DF4000DD6B17 /* Release */ = {
			isa = XCBuildConfiguration;
			buildSettings = {
				ASSETCATALOG_COMPILER_APPICON_NAME = AppIcon;
				ASSETCATALOG_COMPILER_GLOBAL_ACCENT_COLOR_NAME = AccentColor;
				CODE_SIGN_STYLE = Automatic;
				CURRENT_PROJECT_VERSION = 1;
				DEVELOPMENT_ASSET_PATHS = "\"Views-example/Preview Content\"";
				DEVELOPMENT_TEAM = QNW59SGYAU;
				ENABLE_PREVIEWS = YES;
				GENERATE_INFOPLIST_FILE = YES;
				INFOPLIST_KEY_UIApplicationSceneManifest_Generation = YES;
				INFOPLIST_KEY_UIApplicationSupportsIndirectInputEvents = YES;
				INFOPLIST_KEY_UILaunchScreen_Generation = YES;
				INFOPLIST_KEY_UISupportedInterfaceOrientations_iPad = "UIInterfaceOrientationPortrait UIInterfaceOrientationPortraitUpsideDown UIInterfaceOrientationLandscapeLeft UIInterfaceOrientationLandscapeRight";
				INFOPLIST_KEY_UISupportedInterfaceOrientations_iPhone = "UIInterfaceOrientationPortrait UIInterfaceOrientationLandscapeLeft UIInterfaceOrientationLandscapeRight";
				LD_RUNPATH_SEARCH_PATHS = (
					"$(inherited)",
					"@executable_path/Frameworks",
				);
				MARKETING_VERSION = 1.0;
				PRODUCT_BUNDLE_IDENTIFIER = "com.andre.Views-example";
				PRODUCT_NAME = "$(TARGET_NAME)";
				SWIFT_EMIT_LOC_STRINGS = YES;
				SWIFT_VERSION = 5.0;
				TARGETED_DEVICE_FAMILY = "1,2";
			};
			name = Release;
		};
/* End XCBuildConfiguration section */

/* Begin XCConfigurationList section */
		2454586B2AB88A9800BBA68B /* Build configuration list for PBXNativeTarget "WatchOSViewExample Watch App" */ = {
			isa = XCConfigurationList;
			buildConfigurations = (
				2454586C2AB88A9800BBA68B /* Debug */,
				2454586D2AB88A9800BBA68B /* Release */,
			);
			defaultConfigurationIsVisible = 0;
			defaultConfigurationName = Release;
		};
		2454586F2AB88A9800BBA68B /* Build configuration list for PBXNativeTarget "WatchOSViewExample" */ = {
			isa = XCConfigurationList;
			buildConfigurations = (
				245458702AB88A9800BBA68B /* Debug */,
				245458712AB88A9800BBA68B /* Release */,
			);
			defaultConfigurationIsVisible = 0;
			defaultConfigurationName = Release;
		};
		24FCC8BA2A94DF3F00DD6B17 /* Build configuration list for PBXProject "Views-example" */ = {
			isa = XCConfigurationList;
			buildConfigurations = (
				24FCC8CB2A94DF4000DD6B17 /* Debug */,
				24FCC8CC2A94DF4000DD6B17 /* Release */,
			);
			defaultConfigurationIsVisible = 0;
			defaultConfigurationName = Release;
		};
		24FCC8CD2A94DF4000DD6B17 /* Build configuration list for PBXNativeTarget "Views-example" */ = {
			isa = XCConfigurationList;
			buildConfigurations = (
				24FCC8CE2A94DF4000DD6B17 /* Debug */,
				24FCC8CF2A94DF4000DD6B17 /* Release */,
			);
			defaultConfigurationIsVisible = 0;
			defaultConfigurationName = Release;
		};
/* End XCConfigurationList section */
	};
	rootObject = 24FCC8B72A94DF3F00DD6B17 /* Project object */;
}
